{
	"name": "fswin",
	"version": "3.22.106",
	"lockfileVersion": 2,
	"requires": true,
	"packages": {
		"": {
			"name": "fswin",
			"version": "3.22.106",
			"license": "BSD",
			"dependencies": {
				"electron-iohook": "^0.1.2"
			},
			"engines": {
				"node": ">= 8.0"
			}
		},
		"node_modules/electron-iohook": {
			"version": "0.1.2",
			"resolved": "https://registry.npmjs.org/electron-iohook/-/electron-iohook-0.1.2.tgz",
			"integrity": "sha512-1UbsqVwDHnL8/fRLotvmiOGdID5ITldUZG7JuOroZC19BU+Sa+LueALtqf1TauuvioZ8mjhF8wRRq+Vw34fmng=="
		}
	},
	"dependencies": {
		"electron-iohook": {
			"version": "0.1.2",
			"resolved": "https://registry.npmjs.org/electron-iohook/-/electron-iohook-0.1.2.tgz",
			"integrity": "sha512-1UbsqVwDHnL8/fRLotvmiOGdID5ITldUZG7JuOroZC19BU+Sa+LueALtqf1TauuvioZ8mjhF8wRRq+Vw34fmng=="
		}
	}
}
